<Solution>
  <Folder Name="/Task0/">
    <Project Path="Tyuiu.VoytovichKA.Sprint5.Task0.V27.Lib/Tyuiu.VoytovichKA.Sprint5.Task0.V27.Lib.csproj" />
    <Project Path="Tyuiu.VoytovichKA.Sprint5.Task0.V27.Test/Tyuiu.VoytovichKA.Sprint5.Task0.V27.Test.csproj" />
    <Project Path="Tyuiu.VoytovichKA.Sprint5.Task0.V27/Tyuiu.VoytovichKA.Sprint5.Task0.V27.csproj" />
  </Folder>
  <Folder Name="/Task1/">
    <Project Path="Tyuiu.VoytovichKA.Sprint5.Task1.V9.Lib/Tyuiu.VoytovichKA.Sprint5.Task1.V9.Lib.csproj" />
    <Project Path="Tyuiu.VoytovichKA.Sprint5.Task1.V9.Test/Tyuiu.VoytovichKA.Sprint5.Task1.V9.Test.csproj" />
    <Project Path="Tyuiu.VoytovichKA.Sprint5.Task1.V9/Tyuiu.VoytovichKA.Sprint5.Task1.V9.csproj" />
  </Folder>
  <Folder Name="/Task2/">
    <Project Path="Tyuiu.VoytovichKA.Sprint5.Task2.V4.Lib/Tyuiu.VoytovichKA.Sprint5.Task2.V4.Lib.csproj" />
    <Project Path="Tyuiu.VoytovichKA.Sprint5.Task2.V4.Test/Tyuiu.VoytovichKA.Sprint5.Task2.V4.Test.csproj" />
    <Project Path="Tyuiu.VoytovichKA.Sprint5.Task2.V4/Tyuiu.VoytovichKA.Sprint5.Task2.V4.csproj" />
  </Folder>
  <Folder Name="/Task3/">
    <Project Path="Tyuiu.VoytovichKA.Sprint5.Task3.V24.Lib/Tyuiu.VoytovichKA.Sprint5.Task3.V24.Lib.csproj" />
    <Project Path="Tyuiu.VoytovichKA.Sprint5.Task3.V24.Test/Tyuiu.VoytovichKA.Sprint5.Task3.V24.Test.csproj" />
    <Project Path="Tyuiu.VoytovichKA.Sprint5.Task3.V24/Tyuiu.VoytovichKA.Sprint5.Task3.V24.csproj" />
  </Folder>
  <Folder Name="/Task4/">
    <Project Path="Tyuiu.VoytovichKA.Sprint5.Task4.V20.Lib/Tyuiu.VoytovichKA.Sprint5.Task4.V20.Lib.csproj" />
    <Project Path="Tyuiu.VoytovichKA.Sprint5.Task4.V20.Test/Tyuiu.VoytovichKA.Sprint5.Task4.V20.Test.csproj" />
    <Project Path="Tyuiu.VoytovichKA.Sprint5.Task4.V20/Tyuiu.VoytovichKA.Sprint5.Task4.V20.csproj" />
  </Folder>
  <Folder Name="/Task5/">
    <Project Path="Tyuiu.VoytovichKA.Sprint5.Task5.V27.Lib/Tyuiu.VoytovichKA.Sprint5.Task5.V27.Lib.csproj" />
    <Project Path="Tyuiu.VoytovichKA.Sprint5.Task5.V27.Test/Tyuiu.VoytovichKA.Sprint5.Task5.V27.Test.csproj" />
    <Project Path="Tyuiu.VoytovichKA.Sprint5.Task5.V27/Tyuiu.VoytovichKA.Sprint5.Task5.V27.csproj" />
  </Folder>
  <Folder Name="/Task6/">
    <Project Path="Tyuiu.VoytovichKA.Sprint5.Task6.V17.Lib/Tyuiu.VoytovichKA.Sprint5.Task6.V17.Lib.csproj" />
    <Project Path="Tyuiu.VoytovichKA.Sprint5.Task6.V17.Test/Tyuiu.VoytovichKA.Sprint5.Task6.V17.Test.csproj" />
    <Project Path="Tyuiu.VoytovichKA.Sprint5.Task6.V17/Tyuiu.VoytovichKA.Sprint5.Task6.V17.csproj" />
  </Folder>
  <Folder Name="/Task7/">
    <Project Path="Tyuiu.VoytovichKA.Sprint5.Task7.V11.Lib/Tyuiu.VoytovichKA.Sprint5.Task7.V11.Lib.csproj" />
    <Project Path="Tyuiu.VoytovichKA.Sprint5.Task7.V11.Test/Tyuiu.VoytovichKA.Sprint5.Task7.V11.Test.csproj" />
    <Project Path="Tyuiu.VoytovichKA.Sprint5.Task7.V11/Tyuiu.VoytovichKA.Sprint5.Task7.V11.csproj" />
  </Folder>
</Solution>
